// !$*UTF8*$!
{
	archiveVersion = 1;
	classes = {
	};
	objectVersion = 56;
	objects = {

/* Begin PBXBuildFile section */
		36C917F6298459F40039435F /* LottieAnimationsListApp.swift in Sources */ = {isa = PBXBuildFile; fileRef = 36C917F5298459F40039435F /* LottieAnimationsListApp.swift */; };
		36C917FA298459F70039435F /* Assets.xcassets in Resources */ = {isa = PBXBuildFile; fileRef = 36C917F9298459F70039435F /* Assets.xcassets */; };
		36C917FD298459F70039435F /* Preview Assets.xcassets in Resources */ = {isa = PBXBuildFile; fileRef = 36C917FC298459F70039435F /* Preview Assets.xcassets */; };
		36C9180529845A460039435F /* AnimationsListView.swift in Sources */ = {isa = PBXBuildFile; fileRef = 36C9180429845A460039435F /* AnimationsListView.swift */; };
		36C9180929845C220039435F /* Lottie in Frameworks */ = {isa = PBXBuildFile; productRef = 36C9180829845C220039435F /* Lottie */; };
		36C9180B29845C530039435F /* LottieView.swift in Sources */ = {isa = PBXBuildFile; fileRef = 36C9180A29845C530039435F /* LottieView.swift */; };
		36C9180E29845D530039435F /* 107795-positive.json in Resources */ = {isa = PBXBuildFile; fileRef = 36C9180D29845D530039435F /* 107795-positive.json */; };
		36C9181029845DCB0039435F /* 91878-bouncy-fail.json in Resources */ = {isa = PBXBuildFile; fileRef = 36C9180F29845DCB0039435F /* 91878-bouncy-fail.json */; };
		36C9181229845E330039435F /* 9988-i-love-it-happy-face.json in Resources */ = {isa = PBXBuildFile; fileRef = 36C9181129845E330039435F /* 9988-i-love-it-happy-face.json */; };
		36C9181429845EEF0039435F /* 24722-pomeranian-dog.json in Resources */ = {isa = PBXBuildFile; fileRef = 36C9181329845EEF0039435F /* 24722-pomeranian-dog.json */; };
		36C9181629845EF60039435F /* 27420-spongebob.json in Resources */ = {isa = PBXBuildFile; fileRef = 36C9181529845EF60039435F /* 27420-spongebob.json */; };
/* End PBXBuildFile section */

/* Begin PBXFileReference section */
		36C917F2298459F40039435F /* LottieAnimationsList.app */ = {isa = PBXFileReference; explicitFileType = wrapper.application; includeInIndex = 0; path = LottieAnimationsList.app; sourceTree = BUILT_PRODUCTS_DIR; };
		36C917F5298459F40039435F /* LottieAnimationsListApp.swift */ = {isa = PBXFileReference; lastKnownFileType = sourcecode.swift; path = LottieAnimationsListApp.swift; sourceTree = "<group>"; };
		36C917F9298459F70039435F /* Assets.xcassets */ = {isa = PBXFileReference; lastKnownFileType = folder.assetcatalog; path = Assets.xcassets; sourceTree = "<group>"; };
		36C917FC298459F70039435F /* Preview Assets.xcassets */ = {isa = PBXFileReference; lastKnownFileType = folder.assetcatalog; path = "Preview Assets.xcassets"; sourceTree = "<group>"; };
		36C9180429845A460039435F /* AnimationsListView.swift */ = {isa = PBXFileReference; lastKnownFileType = sourcecode.swift; path = AnimationsListView.swift; sourceTree = "<group>"; };
		36C9180A29845C530039435F /* LottieView.swift */ = {isa = PBXFileReference; lastKnownFileType = sourcecode.swift; path = LottieView.swift; sourceTree = "<group>"; };
		36C9180D29845D530039435F /* 107795-positive.json */ = {isa = PBXFileReference; fileEncoding = 4; lastKnownFileType = text.json; path = "107795-positive.json"; sourceTree = "<group>"; };
		36C9180F29845DCB0039435F /* 91878-bouncy-fail.json */ = {isa = PBXFileReference; fileEncoding = 4; lastKnownFileType = text.json; path = "91878-bouncy-fail.json"; sourceTree = "<group>"; };
		36C9181129845E330039435F /* 9988-i-love-it-happy-face.json */ = {isa = PBXFileReference; fileEncoding = 4; lastKnownFileType = text.json; path = "9988-i-love-it-happy-face.json"; sourceTree = "<group>"; };
		36C9181329845EEF0039435F /* 24722-pomeranian-dog.json */ = {isa = PBXFileReference; fileEncoding = 4; lastKnownFileType = text.json; path = "24722-pomeranian-dog.json"; sourceTree = "<group>"; };
		36C9181529845EF60039435F /* 27420-spongebob.json */ = {isa = PBXFileReference; fileEncoding = 4; lastKnownFileType = text.json; path = "27420-spongebob.json"; sourceTree = "<group>"; };
/* End PBXFileReference section */

/* Begin PBXFrameworksBuildPhase section */
		36C917EF298459F40039435F /* Frameworks */ = {
			isa = PBXFrameworksBuildPhase;
			buildActionMask = 2147483647;
			files = (
				36C9180929845C220039435F /* Lottie in Frameworks */,
			);
			runOnlyForDeploymentPostprocessing = 0;
		};
/* End PBXFrameworksBuildPhase section */

/* Begin PBXGroup section */
		36C917E9298459F40039435F = {
			isa = PBXGroup;
			children = (
				36C917F4298459F40039435F /* LottieAnimationsList */,
				36C917F3298459F40039435F /* Products */,
			);
			sourceTree = "<group>";
		};
		36C917F3298459F40039435F /* Products */ = {
			isa = PBXGroup;
			children = (
				36C917F2298459F40039435F /* LottieAnimationsList.app */,
			);
			name = Products;
			sourceTree = "<group>";
		};
		36C917F4298459F40039435F /* LottieAnimationsList */ = {
			isa = PBXGroup;
			children = (
				36C917F5298459F40039435F /* LottieAnimationsListApp.swift */,
				36C9180629845A8A0039435F /* Model */,
				36C9180329845A170039435F /* Views */,
				36C917F9298459F70039435F /* Assets.xcassets */,
				36C917FB298459F70039435F /* Preview Content */,
			);
			path = LottieAnimationsList;
			sourceTree = "<group>";
		};
		36C917FB298459F70039435F /* Preview Content */ = {
			isa = PBXGroup;
			children = (
				36C917FC298459F70039435F /* Preview Assets.xcassets */,
			);
			path = "Preview Content";
			sourceTree = "<group>";
		};
		36C9180329845A170039435F /* Views */ = {
			isa = PBXGroup;
			children = (
				36C9180429845A460039435F /* AnimationsListView.swift */,
				36C9180A29845C530039435F /* LottieView.swift */,
			);
			path = Views;
			sourceTree = "<group>";
		};
		36C9180629845A8A0039435F /* Model */ = {
			isa = PBXGroup;
			children = (
				36C9180C29845D1C0039435F /* Animations */,
			);
			path = Model;
			sourceTree = "<group>";
		};
		36C9180C29845D1C0039435F /* Animations */ = {
			isa = PBXGroup;
			children = (
				36C9181529845EF60039435F /* 27420-spongebob.json */,
				36C9181329845EEF0039435F /* 24722-pomeranian-dog.json */,
				36C9181129845E330039435F /* 9988-i-love-it-happy-face.json */,
				36C9180F29845DCB0039435F /* 91878-bouncy-fail.json */,
				36C9180D29845D530039435F /* 107795-positive.json */,
			);
			path = Animations;
			sourceTree = "<group>";
		};
/* End PBXGroup section */

/* Begin PBXNativeTarget section */
		36C917F1298459F40039435F /* LottieAnimationsList */ = {
			isa = PBXNativeTarget;
			buildConfigurationList = 36C91800298459F70039435F /* Build configuration list for PBXNativeTarget "LottieAnimationsList" */;
			buildPhases = (
				36C917EE298459F40039435F /* Sources */,
				36C917EF298459F40039435F /* Frameworks */,
				36C917F0298459F40039435F /* Resources */,
			);
			buildRules = (
			);
			dependencies = (
			);
			name = LottieAnimationsList;
			packageProductDependencies = (
				36C9180829845C220039435F /* Lottie */,
			);
			productName = LottieAnimationsList;
			productReference = 36C917F2298459F40039435F /* LottieAnimationsList.app */;
			productType = "com.apple.product-type.application";
		};
/* End PBXNativeTarget section */

/* Begin PBXProject section */
		36C917EA298459F40039435F /* Project object */ = {
			isa = PBXProject;
			attributes = {
				BuildIndependentTargetsInParallel = 1;
				LastSwiftUpdateCheck = 1420;
				LastUpgradeCheck = 1420;
				TargetAttributes = {
					36C917F1298459F40039435F = {
						CreatedOnToolsVersion = 14.2;
					};
				};
			};
			buildConfigurationList = 36C917ED298459F40039435F /* Build configuration list for PBXProject "LottieAnimationsList" */;
			compatibilityVersion = "Xcode 14.0";
			developmentRegion = en;
			hasScannedForEncodings = 0;
			knownRegions = (
				en,
				Base,
			);
			mainGroup = 36C917E9298459F40039435F;
			packageReferences = (
				36C9180729845C220039435F /* XCRemoteSwiftPackageReference "lottie-ios" */,
			);
			productRefGroup = 36C917F3298459F40039435F /* Products */;
			projectDirPath = "";
			projectRoot = "";
			targets = (
				36C917F1298459F40039435F /* LottieAnimationsList */,
			);
		};
/* End PBXProject section */

/* Begin PBXResourcesBuildPhase section */
		36C917F0298459F40039435F /* Resources */ = {
			isa = PBXResourcesBuildPhase;
			buildActionMask = 2147483647;
			files = (
				36C9180E29845D530039435F /* 107795-positive.json in Resources */,
				36C9181029845DCB0039435F /* 91878-bouncy-fail.json in Resources */,
				36C917FD298459F70039435F /* Preview Assets.xcassets in Resources */,
				36C917FA298459F70039435F /* Assets.xcassets in Resources */,
				36C9181429845EEF0039435F /* 24722-pomeranian-dog.json in Resources */,
				36C9181229845E330039435F /* 9988-i-love-it-happy-face.json in Resources */,
				36C9181629845EF60039435F /* 27420-spongebob.json in Resources */,
			);
			runOnlyForDeploymentPostprocessing = 0;
		};
/* End PBXResourcesBuildPhase section */

/* Begin PBXSourcesBuildPhase section */
		36C917EE298459F40039435F /* Sources */ = {
			isa = PBXSourcesBuildPhase;
			buildActionMask = 2147483647;
			files = (
				36C917F6298459F40039435F /* LottieAnimationsListApp.swift in Sources */,
				36C9180529845A460039435F /* AnimationsListView.swift in Sources */,
				36C9180B29845C530039435F /* LottieView.swift in Sources */,
			);
			runOnlyForDeploymentPostprocessing = 0;
		};
/* End PBXSourcesBuildPhase section */

/* Begin XCBuildConfiguration section */
		36C917FE298459F70039435F /* Debug */ = {
			isa = XCBuildConfiguration;
			buildSettings = {
				ALWAYS_SEARCH_USER_PATHS = NO;
				CLANG_ANALYZER_NONNULL = YES;
				CLANG_ANALYZER_NUMBER_OBJECT_CONVERSION = YES_AGGRESSIVE;
				CLANG_CXX_LANGUAGE_STANDARD = "gnu++20";
				CLANG_ENABLE_MODULES = YES;
				CLANG_ENABLE_OBJC_ARC = YES;
				CLANG_ENABLE_OBJC_WEAK = YES;
				CLANG_WARN_BLOCK_CAPTURE_AUTORELEASING = YES;
				CLANG_WARN_BOOL_CONVERSION = YES;
				CLANG_WARN_COMMA = YES;
				CLANG_WARN_CONSTANT_CONVERSION = YES;
				CLANG_WARN_DEPRECATED_OBJC_IMPLEMENTATIONS = YES;
				CLANG_WARN_DIRECT_OBJC_ISA_USAGE = YES_ERROR;
				CLANG_WARN_DOCUMENTATION_COMMENTS = YES;
				CLANG_WARN_EMPTY_BODY = YES;
				CLANG_WARN_ENUM_CONVERSION = YES;
				CLANG_WARN_INFINITE_RECURSION = YES;
				CLANG_WARN_INT_CONVERSION = YES;
				CLANG_WARN_NON_LITERAL_NULL_CONVERSION = YES;
				CLANG_WARN_OBJC_IMPLICIT_RETAIN_SELF = YES;
				CLANG_WARN_OBJC_LITERAL_CONVERSION = YES;
				CLANG_WARN_OBJC_ROOT_CLASS = YES_ERROR;
				CLANG_WARN_QUOTED_INCLUDE_IN_FRAMEWORK_HEADER = YES;
				CLANG_WARN_RANGE_LOOP_ANALYSIS = YES;
				CLANG_WARN_STRICT_PROTOTYPES = YES;
				CLANG_WARN_SUSPICIOUS_MOVE = YES;
				CLANG_WARN_UNGUARDED_AVAILABILITY = YES_AGGRESSIVE;
				CLANG_WARN_UNREACHABLE_CODE = YES;
				CLANG_WARN__DUPLICATE_METHOD_MATCH = YES;
				COPY_PHASE_STRIP = NO;
				DEBUG_INFORMATION_FORMAT = dwarf;
				ENABLE_STRICT_OBJC_MSGSEND = YES;
				ENABLE_TESTABILITY = YES;
				GCC_C_LANGUAGE_STANDARD = gnu11;
				GCC_DYNAMIC_NO_PIC = NO;
				GCC_NO_COMMON_BLOCKS = YES;
				GCC_OPTIMIZATION_LEVEL = 0;
				GCC_PREPROCESSOR_DEFINITIONS = (
					"DEBUG=1",
					"$(inherited)",
				);
				GCC_WARN_64_TO_32_BIT_CONVERSION = YES;
				GCC_WARN_ABOUT_RETURN_TYPE = YES_ERROR;
				GCC_WARN_UNDECLARED_SELECTOR = YES;
				GCC_WARN_UNINITIALIZED_AUTOS = YES_AGGRESSIVE;
				GCC_WARN_UNUSED_FUNCTION = YES;
				GCC_WARN_UNUSED_VARIABLE = YES;
				IPHONEOS_DEPLOYMENT_TARGET = 16.2;
				MTL_ENABLE_DEBUG_INFO = INCLUDE_SOURCE;
				MTL_FAST_MATH = YES;
				ONLY_ACTIVE_ARCH = YES;
				SDKROOT = iphoneos;
				SWIFT_ACTIVE_COMPILATION_CONDITIONS = DEBUG;
				SWIFT_OPTIMIZATION_LEVEL = "-Onone";
			};
			name = Debug;
		};
		36C917FF298459F70039435F /* Release */ = {
			isa = XCBuildConfiguration;
			buildSettings = {
				ALWAYS_SEARCH_USER_PATHS = NO;
				CLANG_ANALYZER_NONNULL = YES;
				CLANG_ANALYZER_NUMBER_OBJECT_CONVERSION = YES_AGGRESSIVE;
				CLANG_CXX_LANGUAGE_STANDARD = "gnu++20";
				CLANG_ENABLE_MODULES = YES;
				CLANG_ENABLE_OBJC_ARC = YES;
				CLANG_ENABLE_OBJC_WEAK = YES;
				CLANG_WARN_BLOCK_CAPTURE_AUTORELEASING = YES;
				CLANG_WARN_BOOL_CONVERSION = YES;
				CLANG_WARN_COMMA = YES;
				CLANG_WARN_CONSTANT_CONVERSION = YES;
				CLANG_WARN_DEPRECATED_OBJC_IMPLEMENTATIONS = YES;
				CLANG_WARN_DIRECT_OBJC_ISA_USAGE = YES_ERROR;
				CLANG_WARN_DOCUMENTATION_COMMENTS = YES;
				CLANG_WARN_EMPTY_BODY = YES;
				CLANG_WARN_ENUM_CONVERSION = YES;
				CLANG_WARN_INFINITE_RECURSION = YES;
				CLANG_WARN_INT_CONVERSION = YES;
				CLANG_WARN_NON_LITERAL_NULL_CONVERSION = YES;
				CLANG_WARN_OBJC_IMPLICIT_RETAIN_SELF = YES;
				CLANG_WARN_OBJC_LITERAL_CONVERSION = YES;
				CLANG_WARN_OBJC_ROOT_CLASS = YES_ERROR;
				CLANG_WARN_QUOTED_INCLUDE_IN_FRAMEWORK_HEADER = YES;
				CLANG_WARN_RANGE_LOOP_ANALYSIS = YES;
				CLANG_WARN_STRICT_PROTOTYPES = YES;
				CLANG_WARN_SUSPICIOUS_MOVE = YES;
				CLANG_WARN_UNGUARDED_AVAILABILITY = YES_AGGRESSIVE;
				CLANG_WARN_UNREACHABLE_CODE = YES;
				CLANG_WARN__DUPLICATE_METHOD_MATCH = YES;
				COPY_PHASE_STRIP = NO;
				DEBUG_INFORMATION_FORMAT = "dwarf-with-dsym";
				ENABLE_NS_ASSERTIONS = NO;
				ENABLE_STRICT_OBJC_MSGSEND = YES;
				GCC_C_LANGUAGE_STANDARD = gnu11;
				GCC_NO_COMMON_BLOCKS = YES;
				GCC_WARN_64_TO_32_BIT_CONVERSION = YES;
				GCC_WARN_ABOUT_RETURN_TYPE = YES_ERROR;
				GCC_WARN_UNDECLARED_SELECTOR = YES;
				GCC_WARN_UNINITIALIZED_AUTOS = YES_AGGRESSIVE;
				GCC_WARN_UNUSED_FUNCTION = YES;
				GCC_WARN_UNUSED_VARIABLE = YES;
				IPHONEOS_DEPLOYMENT_TARGET = 16.2;
				MTL_ENABLE_DEBUG_INFO = NO;
				MTL_FAST_MATH = YES;
				SDKROOT = iphoneos;
				SWIFT_COMPILATION_MODE = wholemodule;
				SWIFT_OPTIMIZATION_LEVEL = "-O";
				VALIDATE_PRODUCT = YES;
			};
			name = Release;
		};
		36C91801298459F70039435F /* Debug */ = {
			isa = XCBuildConfiguration;
			buildSettings = {
				ASSETCATALOG_COMPILER_APPICON_NAME = AppIcon;
				ASSETCATALOG_COMPILER_GLOBAL_ACCENT_COLOR_NAME = AccentColor;
				CODE_SIGN_STYLE = Automatic;
				CURRENT_PROJECT_VERSION = 1;
				DEVELOPMENT_ASSET_PATHS = "\"LottieAnimationsList/Preview Content\"";
				DEVELOPMENT_TEAM = 7PSCDAF9UL;
				ENABLE_PREVIEWS = YES;
				GENERATE_INFOPLIST_FILE = YES;
				INFOPLIST_KEY_UIApplicationSceneManifest_Generation = YES;
				INFOPLIST_KEY_UIApplicationSupportsIndirectInputEvents = YES;
				INFOPLIST_KEY_UILaunchScreen_Generation = YES;
				INFOPLIST_KEY_UISupportedInterfaceOrientations_iPad = "UIInterfaceOrientationPortrait UIInterfaceOrientationPortraitUpsideDown UIInterfaceOrientationLandscapeLeft UIInterfaceOrientationLandscapeRight";
				INFOPLIST_KEY_UISupportedInterfaceOrientations_iPhone = "UIInterfaceOrientationPortrait UIInterfaceOrientationLandscapeLeft UIInterfaceOrientationLandscapeRight";
				LD_RUNPATH_SEARCH_PATHS = (
					"$(inherited)",
					"@executable_path/Frameworks",
				);
				MARKETING_VERSION = 1.0;
				PRODUCT_BUNDLE_IDENTIFIER = ca.cooperlawson.LottieAnimationsList;
				PRODUCT_NAME = "$(TARGET_NAME)";
				SWIFT_EMIT_LOC_STRINGS = YES;
				SWIFT_VERSION = 5.0;
				TARGETED_DEVICE_FAMILY = "1,2";
			};
			name = Debug;
		};
		36C91802298459F70039435F /* Release */ = {
			isa = XCBuildConfiguration;
			buildSettings = {
				ASSETCATALOG_COMPILER_APPICON_NAME = AppIcon;
				ASSETCATALOG_COMPILER_GLOBAL_ACCENT_COLOR_NAME = AccentColor;
				CODE_SIGN_STYLE = Automatic;
				CURRENT_PROJECT_VERSION = 1;
				DEVELOPMENT_ASSET_PATHS = "\"LottieAnimationsList/Preview Content\"";
				DEVELOPMENT_TEAM = 7PSCDAF9UL;
				ENABLE_PREVIEWS = YES;
				GENERATE_INFOPLIST_FILE = YES;
				INFOPLIST_KEY_UIApplicationSceneManifest_Generation = YES;
				INFOPLIST_KEY_UIApplicationSupportsIndirectInputEvents = YES;
				INFOPLIST_KEY_UILaunchScreen_Generation = YES;
				INFOPLIST_KEY_UISupportedInterfaceOrientations_iPad = "UIInterfaceOrientationPortrait UIInterfaceOrientationPortraitUpsideDown UIInterfaceOrientationLandscapeLeft UIInterfaceOrientationLandscapeRight";
				INFOPLIST_KEY_UISupportedInterfaceOrientations_iPhone = "UIInterfaceOrientationPortrait UIInterfaceOrientationLandscapeLeft UIInterfaceOrientationLandscapeRight";
				LD_RUNPATH_SEARCH_PATHS = (
					"$(inherited)",
					"@executable_path/Frameworks",
				);
				MARKETING_VERSION = 1.0;
				PRODUCT_BUNDLE_IDENTIFIER = ca.cooperlawson.LottieAnimationsList;
				PRODUCT_NAME = "$(TARGET_NAME)";
				SWIFT_EMIT_LOC_STRINGS = YES;
				SWIFT_VERSION = 5.0;
				TARGETED_DEVICE_FAMILY = "1,2";
			};
			name = Release;
		};
/* End XCBuildConfiguration section */

/* Begin XCConfigurationList section */
		36C917ED298459F40039435F /* Build configuration list for PBXProject "LottieAnimationsList" */ = {
			isa = XCConfigurationList;
			buildConfigurations = (
				36C917FE298459F70039435F /* Debug */,
				36C917FF298459F70039435F /* Release */,
			);
			defaultConfigurationIsVisible = 0;
			defaultConfigurationName = Release;
		};
		36C91800298459F70039435F /* Build configuration list for PBXNativeTarget "LottieAnimationsList" */ = {
			isa = XCConfigurationList;
			buildConfigurations = (
				36C91801298459F70039435F /* Debug */,
				36C91802298459F70039435F /* Release */,
			);
			defaultConfigurationIsVisible = 0;
			defaultConfigurationName = Release;
		};
/* End XCConfigurationList section */

/* Begin XCRemoteSwiftPackageReference section */
		36C9180729845C220039435F /* XCRemoteSwiftPackageReference "lottie-ios" */ = {
			isa = XCRemoteSwiftPackageReference;
			repositoryURL = "https://github.com/airbnb/lottie-ios";
			requirement = {
				kind = upToNextMajorVersion;
				minimumVersion = 4.0.0;
			};
		};
/* End XCRemoteSwiftPackageReference section */

/* Begin XCSwiftPackageProductDependency section */
		36C9180829845C220039435F /* Lottie */ = {
			isa = XCSwiftPackageProductDependency;
			package = 36C9180729845C220039435F /* XCRemoteSwiftPackageReference "lottie-ios" */;
			productName = Lottie;
		};
/* End XCSwiftPackageProductDependency section */
	};
	rootObject = 36C917EA298459F40039435F /* Project object */;
}
